
Microsoft Visual Studio Solution File, Format Version 12.00
# Visual Studio 15
VisualStudioVersion = 15.0.28010.0
MinimumVisualStudioVersion = 10.0.40219.1
Project("{FAE04EC0-301F-11D3-BF4B-00C04F79EFBC}") = "Hardlopen", "Hardlopen\Hardlopen.csproj", "{6C3F54BD-7F66-4AB5-B186-C8FB726DC61F}"
EndProject
Project("{FAE04EC0-301F-11D3-BF4B-00C04F79EFBC}") = "Interface UI-Logic", "Interface UI-Logic\Interface UI-Logic.csproj", "{958239E3-A594-4E48-AF48-DDDB8A1EB24A}"
EndProject
Project("{FAE04EC0-301F-11D3-BF4B-00C04F79EFBC}") = "Factory", "Factory\Factory.csproj", "{330B5AEA-7370-4B07-948A-82EBA3BD15AB}"
EndProject
Project("{9A19103F-16F7-4668-BE54-9A1E7A4F7556}") = "Interface Logic-DAL", "Interface Logic-DAL\Interface Logic-DAL.csproj", "{066937C3-2DF4-49D5-895A-CD2425E8D5AF}"
EndProject
Project("{9A19103F-16F7-4668-BE54-9A1E7A4F7556}") = "Factory2", "Factory2\Factory2.csproj", "{39D171D9-84AB-4C2C-89E9-BC578AE6A51E}"
EndProject
Project("{FAE04EC0-301F-11D3-BF4B-00C04F79EFBC}") = "Logic", "LogicGoed2\Logic.csproj", "{6D937CA0-2064-4F85-91E1-7C4F96C68CAE}"
EndProject
Project("{FAE04EC0-301F-11D3-BF4B-00C04F79EFBC}") = "LogicTests", "LogicTests\LogicTests.csproj", "{FD664777-0E0A-467E-BD44-1299C6C37739}"
EndProject
Project("{FAE04EC0-301F-11D3-BF4B-00C04F79EFBC}") = "DAL", "DAL2\DAL.csproj", "{B55E720D-284C-4D0F-8CCA-F7F63B4132F1}"
EndProject
Global
	GlobalSection(SolutionConfigurationPlatforms) = preSolution
		Debug|Any CPU = Debug|Any CPU
		Release|Any CPU = Release|Any CPU
	EndGlobalSection
	GlobalSection(ProjectConfigurationPlatforms) = postSolution
		{6C3F54BD-7F66-4AB5-B186-C8FB726DC61F}.Debug|Any CPU.ActiveCfg = Debug|Any CPU
		{6C3F54BD-7F66-4AB5-B186-C8FB726DC61F}.Debug|Any CPU.Build.0 = Debug|Any CPU
		{6C3F54BD-7F66-4AB5-B186-C8FB726DC61F}.Release|Any CPU.ActiveCfg = Release|Any CPU
		{6C3F54BD-7F66-4AB5-B186-C8FB726DC61F}.Release|Any CPU.Build.0 = Release|Any CPU
		{958239E3-A594-4E48-AF48-DDDB8A1EB24A}.Debug|Any CPU.ActiveCfg = Debug|Any CPU
		{958239E3-A594-4E48-AF48-DDDB8A1EB24A}.Debug|Any CPU.Build.0 = Debug|Any CPU
		{958239E3-A594-4E48-AF48-DDDB8A1EB24A}.Release|Any CPU.ActiveCfg = Release|Any CPU
		{958239E3-A594-4E48-AF48-DDDB8A1EB24A}.Release|Any CPU.Build.0 = Release|Any CPU
		{330B5AEA-7370-4B07-948A-82EBA3BD15AB}.Debug|Any CPU.ActiveCfg = Debug|Any CPU
		{330B5AEA-7370-4B07-948A-82EBA3BD15AB}.Debug|Any CPU.Build.0 = Debug|Any CPU
		{330B5AEA-7370-4B07-948A-82EBA3BD15AB}.Release|Any CPU.ActiveCfg = Release|Any CPU
		{330B5AEA-7370-4B07-948A-82EBA3BD15AB}.Release|Any CPU.Build.0 = Release|Any CPU
		{066937C3-2DF4-49D5-895A-CD2425E8D5AF}.Debug|Any CPU.ActiveCfg = Debug|Any CPU
		{066937C3-2DF4-49D5-895A-CD2425E8D5AF}.Debug|Any CPU.Build.0 = Debug|Any CPU
		{066937C3-2DF4-49D5-895A-CD2425E8D5AF}.Release|Any CPU.ActiveCfg = Release|Any CPU
		{066937C3-2DF4-49D5-895A-CD2425E8D5AF}.Release|Any CPU.Build.0 = Release|Any CPU
		{39D171D9-84AB-4C2C-89E9-BC578AE6A51E}.Debug|Any CPU.ActiveCfg = Debug|Any CPU
		{39D171D9-84AB-4C2C-89E9-BC578AE6A51E}.Debug|Any CPU.Build.0 = Debug|Any CPU
		{39D171D9-84AB-4C2C-89E9-BC578AE6A51E}.Release|Any CPU.ActiveCfg = Release|Any CPU
		{39D171D9-84AB-4C2C-89E9-BC578AE6A51E}.Release|Any CPU.Build.0 = Release|Any CPU
		{6D937CA0-2064-4F85-91E1-7C4F96C68CAE}.Debug|Any CPU.ActiveCfg = Debug|Any CPU
		{6D937CA0-2064-4F85-91E1-7C4F96C68CAE}.Debug|Any CPU.Build.0 = Debug|Any CPU
		{6D937CA0-2064-4F85-91E1-7C4F96C68CAE}.Release|Any CPU.ActiveCfg = Release|Any CPU
		{6D937CA0-2064-4F85-91E1-7C4F96C68CAE}.Release|Any CPU.Build.0 = Release|Any CPU
		{FD664777-0E0A-467E-BD44-1299C6C37739}.Debug|Any CPU.ActiveCfg = Debug|Any CPU
		{FD664777-0E0A-467E-BD44-1299C6C37739}.Debug|Any CPU.Build.0 = Debug|Any CPU
		{FD664777-0E0A-467E-BD44-1299C6C37739}.Release|Any CPU.ActiveCfg = Release|Any CPU
		{FD664777-0E0A-467E-BD44-1299C6C37739}.Release|Any CPU.Build.0 = Release|Any CPU
		{B55E720D-284C-4D0F-8CCA-F7F63B4132F1}.Debug|Any CPU.ActiveCfg = Debug|Any CPU
		{B55E720D-284C-4D0F-8CCA-F7F63B4132F1}.Debug|Any CPU.Build.0 = Debug|Any CPU
		{B55E720D-284C-4D0F-8CCA-F7F63B4132F1}.Release|Any CPU.ActiveCfg = Release|Any CPU
		{B55E720D-284C-4D0F-8CCA-F7F63B4132F1}.Release|Any CPU.Build.0 = Release|Any CPU
	EndGlobalSection
	GlobalSection(SolutionProperties) = preSolution
		HideSolutionNode = FALSE
	EndGlobalSection
	GlobalSection(ExtensibilityGlobals) = postSolution
		SolutionGuid = {B7E8100C-7A63-43B1-9D91-21C55622D343}
	EndGlobalSection
EndGlobal
